{
  "name": "wordsolvers",
  "lockfileVersion": 3,
  "requires": true,
  "packages": {
    "": {
      "dependencies": {
        "word-list": "^4.0.0"
      }
    },
    "node_modules/word-list": {
      "version": "4.0.0",
      "resolved": "https://registry.npmjs.org/word-list/-/word-list-4.0.0.tgz",
      "integrity": "sha512-K5ziGoPUuJAq30nkpRfK29fkwYxtr8VQzhGB8R/XqP0aucU7Lxd9m1TcLW4pGS2y6cLu7HX7714VxdesArmMUg==",
      "license": "MIT",
      "engines": {
        "node": ">=18"
      },
      "funding": {
        "url": "https://github.com/sponsors/sindresorhus"
      }
    }
  }
}
